// !$*UTF8*$!
{
	archiveVersion = 1;
	classes = {
	};
	objectVersion = 46;
	objects = {

/* Begin PBXBuildFile section */
		F887CDAC1D64B64A002EED68 /* Assets.xcassets in Resources */ = {isa = PBXBuildFile; fileRef = F887CDAB1D64B64A002EED68 /* Assets.xcassets */; };
		F887CDBA1D64B64A002EED68 /* WeiBoLearningTests.m in Sources */ = {isa = PBXBuildFile; fileRef = F887CDB91D64B64A002EED68 /* WeiBoLearningTests.m */; };
		F887CDC51D64B64A002EED68 /* WeiBoLearningUITests.m in Sources */ = {isa = PBXBuildFile; fileRef = F887CDC41D64B64A002EED68 /* WeiBoLearningUITests.m */; };
		F887CDD51D64BD06002EED68 /* info in Resources */ = {isa = PBXBuildFile; fileRef = F887CDD41D64BD06002EED68 /* info */; };
		F8F2806E1D655D8E00B573B3 /* UIKit.framework in Frameworks */ = {isa = PBXBuildFile; fileRef = F8F2806D1D655D8E00B573B3 /* UIKit.framework */; };
		F8F280D31D660E3D00B573B3 /* OWBTabBarController.m in Sources */ = {isa = PBXBuildFile; fileRef = F8F280BF1D660E3D00B573B3 /* OWBTabBarController.m */; };
		F8F280D41D660E3D00B573B3 /* OWBTabBar.m in Sources */ = {isa = PBXBuildFile; fileRef = F8F280C31D660E3D00B573B3 /* OWBTabBar.m */; };
		F8F280D51D660E3D00B573B3 /* AppDelegate.m in Sources */ = {isa = PBXBuildFile; fileRef = F8F280CA1D660E3D00B573B3 /* AppDelegate.m */; };
		F8F280D61D660E3D00B573B3 /* UIImage+image.m in Sources */ = {isa = PBXBuildFile; fileRef = F8F280CD1D660E3D00B573B3 /* UIImage+image.m */; };
		F8F280D71D660E3D00B573B3 /* main.m in Sources */ = {isa = PBXBuildFile; fileRef = F8F280CE1D660E3D00B573B3 /* main.m */; };
		F8F280FB1D660E5100B573B3 /* account_snslogin_icon_1@2x.png in Resources */ = {isa = PBXBuildFile; fileRef = F8F280DB1D660E5100B573B3 /* account_snslogin_icon_1@2x.png */; };
		F8F280FC1D660E5100B573B3 /* account_snslogin_icon_3@2x.png in Resources */ = {isa = PBXBuildFile; fileRef = F8F280DC1D660E5100B573B3 /* account_snslogin_icon_3@2x.png */; };
		F8F280FD1D660E5100B573B3 /* home_page_line_vertical@2x.png in Resources */ = {isa = PBXBuildFile; fileRef = F8F280DD1D660E5100B573B3 /* home_page_line_vertical@2x.png */; };
		F8F280FE1D660E5100B573B3 /* login_button@2x.png in Resources */ = {isa = PBXBuildFile; fileRef = F8F280DE1D660E5100B573B3 /* login_button@2x.png */; };
		F8F280FF1D660E5100B573B3 /* login_forgot_button@2x.png in Resources */ = {isa = PBXBuildFile; fileRef = F8F280DF1D660E5100B573B3 /* login_forgot_button@2x.png */; };
		F8F281001D660E5100B573B3 /* login_password_icon@2x.png in Resources */ = {isa = PBXBuildFile; fileRef = F8F280E01D660E5100B573B3 /* login_password_icon@2x.png */; };
		F8F281011D660E5100B573B3 /* login_username_icon@2x.png in Resources */ = {isa = PBXBuildFile; fileRef = F8F280E11D660E5100B573B3 /* login_username_icon@2x.png */; };
		F8F281021D660E5100B573B3 /* NavBarAlpha.png in Resources */ = {isa = PBXBuildFile; fileRef = F8F280E31D660E5100B573B3 /* NavBarAlpha.png */; };
		F8F281031D660E5100B573B3 /* NavBarIcon@2x.png in Resources */ = {isa = PBXBuildFile; fileRef = F8F280E41D660E5100B573B3 /* NavBarIcon@2x.png */; };
		F8F281041D660E5100B573B3 /* NavBarWhite44@2x.png in Resources */ = {isa = PBXBuildFile; fileRef = F8F280E51D660E5100B573B3 /* NavBarWhite44@2x.png */; };
		F8F281051D660E5100B573B3 /* NavBarWhite64@2x.png in Resources */ = {isa = PBXBuildFile; fileRef = F8F280E61D660E5100B573B3 /* NavBarWhite64@2x.png */; };
		F8F281061D660E5100B573B3 /* NavigationBack@2x.png in Resources */ = {isa = PBXBuildFile; fileRef = F8F280E71D660E5100B573B3 /* NavigationBack@2x.png */; };
		F8F281071D660E5100B573B3 /* NavigationBackBlack@2x.png in Resources */ = {isa = PBXBuildFile; fileRef = F8F280E81D660E5100B573B3 /* NavigationBackBlack@2x.png */; };
		F8F281081D660E5100B573B3 /* NavigationBar44@2x.png in Resources */ = {isa = PBXBuildFile; fileRef = F8F280E91D660E5100B573B3 /* NavigationBar44@2x.png */; };
		F8F281091D660E5100B573B3 /* NavigationBar64@2x.png in Resources */ = {isa = PBXBuildFile; fileRef = F8F280EA1D660E5100B573B3 /* NavigationBar64@2x.png */; };
		F8F2810A1D660E5100B573B3 /* NavigationBell@2x.png in Resources */ = {isa = PBXBuildFile; fileRef = F8F280EB1D660E5100B573B3 /* NavigationBell@2x.png */; };
		F8F2810B1D660E5100B573B3 /* NavigationSquare@2x.png in Resources */ = {isa = PBXBuildFile; fileRef = F8F280EC1D660E5100B573B3 /* NavigationSquare@2x.png */; };
		F8F2810C1D660E5100B573B3 /* DiscoveryIcon@2x.png in Resources */ = {isa = PBXBuildFile; fileRef = F8F280EE1D660E5100B573B3 /* DiscoveryIcon@2x.png */; };
		F8F2810D1D660E5100B573B3 /* DiscoveryIconSelect@2x.png in Resources */ = {isa = PBXBuildFile; fileRef = F8F280EF1D660E5100B573B3 /* DiscoveryIconSelect@2x.png */; };
		F8F2810E1D660E5100B573B3 /* MyIcon@2x.png in Resources */ = {isa = PBXBuildFile; fileRef = F8F280F01D660E5100B573B3 /* MyIcon@2x.png */; };
		F8F2810F1D660E5100B573B3 /* MyIconSelect@2x.png in Resources */ = {isa = PBXBuildFile; fileRef = F8F280F11D660E5100B573B3 /* MyIconSelect@2x.png */; };
		F8F281101D660E5100B573B3 /* NewsIcon@2x.png in Resources */ = {isa = PBXBuildFile; fileRef = F8F280F21D660E5100B573B3 /* NewsIcon@2x.png */; };
		F8F281111D660E5100B573B3 /* NewsIconSelect@2x.png in Resources */ = {isa = PBXBuildFile; fileRef = F8F280F31D660E5100B573B3 /* NewsIconSelect@2x.png */; };
		F8F281121D660E5100B573B3 /* ReaderIcon@2x.png in Resources */ = {isa = PBXBuildFile; fileRef = F8F280F41D660E5100B573B3 /* ReaderIcon@2x.png */; };
		F8F281131D660E5100B573B3 /* ReaderIconSelect@2x.png in Resources */ = {isa = PBXBuildFile; fileRef = F8F280F51D660E5100B573B3 /* ReaderIconSelect@2x.png */; };
		F8F281141D660E5100B573B3 /* tabbar_icon_media_highlight@2x.png in Resources */ = {isa = PBXBuildFile; fileRef = F8F280F61D660E5100B573B3 /* tabbar_icon_media_highlight@2x.png */; };
		F8F281151D660E5100B573B3 /* tabbar_icon_media_normal@2x.png in Resources */ = {isa = PBXBuildFile; fileRef = F8F280F71D660E5100B573B3 /* tabbar_icon_media_normal@2x.png */; };
		F8F281161D660E5100B573B3 /* TabBarShadow@2x.png in Resources */ = {isa = PBXBuildFile; fileRef = F8F280F81D660E5100B573B3 /* TabBarShadow@2x.png */; };
		F8F281171D660E5100B573B3 /* VoiceIcon@2x.png in Resources */ = {isa = PBXBuildFile; fileRef = F8F280F91D660E5100B573B3 /* VoiceIcon@2x.png */; };
		F8F281181D660E5100B573B3 /* VoiceIconSelect@2x.png in Resources */ = {isa = PBXBuildFile; fileRef = F8F280FA1D660E5100B573B3 /* VoiceIconSelect@2x.png */; };
		F8F2811B1D66170B00B573B3 /* OWBNavigationController.m in Sources */ = {isa = PBXBuildFile; fileRef = F8F2811A1D66170B00B573B3 /* OWBNavigationController.m */; };
/* End PBXBuildFile section */

/* Begin PBXContainerItemProxy section */
		F887CDB61D64B64A002EED68 /* PBXContainerItemProxy */ = {
			isa = PBXContainerItemProxy;
			containerPortal = F887CD941D64B64A002EED68 /* Project object */;
			proxyType = 1;
			remoteGlobalIDString = F887CD9B1D64B64A002EED68;
			remoteInfo = WeiBoLearning;
		};
		F887CDC11D64B64A002EED68 /* PBXContainerItemProxy */ = {
			isa = PBXContainerItemProxy;
			containerPortal = F887CD941D64B64A002EED68 /* Project object */;
			proxyType = 1;
			remoteGlobalIDString = F887CD9B1D64B64A002EED68;
			remoteInfo = WeiBoLearning;
		};
/* End PBXContainerItemProxy section */

/* Begin PBXFileReference section */
		F887CD9C1D64B64A002EED68 /* WeiBoLearning.app */ = {isa = PBXFileReference; explicitFileType = wrapper.application; includeInIndex = 0; path = WeiBoLearning.app; sourceTree = BUILT_PRODUCTS_DIR; };
		F887CDAB1D64B64A002EED68 /* Assets.xcassets */ = {isa = PBXFileReference; lastKnownFileType = folder.assetcatalog; path = Assets.xcassets; sourceTree = "<group>"; };
		F887CDB01D64B64A002EED68 /* Info.plist */ = {isa = PBXFileReference; lastKnownFileType = text.plist.xml; path = Info.plist; sourceTree = "<group>"; };
		F887CDB51D64B64A002EED68 /* WeiBoLearningTests.xctest */ = {isa = PBXFileReference; explicitFileType = wrapper.cfbundle; includeInIndex = 0; path = WeiBoLearningTests.xctest; sourceTree = BUILT_PRODUCTS_DIR; };
		F887CDB91D64B64A002EED68 /* WeiBoLearningTests.m */ = {isa = PBXFileReference; lastKnownFileType = sourcecode.c.objc; path = WeiBoLearningTests.m; sourceTree = "<group>"; };
		F887CDBB1D64B64A002EED68 /* Info.plist */ = {isa = PBXFileReference; lastKnownFileType = text.plist.xml; path = Info.plist; sourceTree = "<group>"; };
		F887CDC01D64B64A002EED68 /* WeiBoLearningUITests.xctest */ = {isa = PBXFileReference; explicitFileType = wrapper.cfbundle; includeInIndex = 0; path = WeiBoLearningUITests.xctest; sourceTree = BUILT_PRODUCTS_DIR; };
		F887CDC41D64B64A002EED68 /* WeiBoLearningUITests.m */ = {isa = PBXFileReference; lastKnownFileType = sourcecode.c.objc; path = WeiBoLearningUITests.m; sourceTree = "<group>"; };
		F887CDC61D64B64A002EED68 /* Info.plist */ = {isa = PBXFileReference; lastKnownFileType = text.plist.xml; path = Info.plist; sourceTree = "<group>"; };
		F887CDD41D64BD06002EED68 /* info */ = {isa = PBXFileReference; fileEncoding = 4; lastKnownFileType = text; path = info; sourceTree = "<group>"; };
		F8F2806D1D655D8E00B573B3 /* UIKit.framework */ = {isa = PBXFileReference; lastKnownFileType = wrapper.framework; name = UIKit.framework; path = System/Library/Frameworks/UIKit.framework; sourceTree = SDKROOT; };
		F8F280BE1D660E3D00B573B3 /* OWBTabBarController.h */ = {isa = PBXFileReference; fileEncoding = 4; lastKnownFileType = sourcecode.c.h; path = OWBTabBarController.h; sourceTree = "<group>"; };
		F8F280BF1D660E3D00B573B3 /* OWBTabBarController.m */ = {isa = PBXFileReference; fileEncoding = 4; lastKnownFileType = sourcecode.c.objc; path = OWBTabBarController.m; sourceTree = "<group>"; };
		F8F280C21D660E3D00B573B3 /* OWBTabBar.h */ = {isa = PBXFileReference; fileEncoding = 4; lastKnownFileType = sourcecode.c.h; path = OWBTabBar.h; sourceTree = "<group>"; };
		F8F280C31D660E3D00B573B3 /* OWBTabBar.m */ = {isa = PBXFileReference; fileEncoding = 4; lastKnownFileType = sourcecode.c.objc; path = OWBTabBar.m; sourceTree = "<group>"; };
		F8F280C91D660E3D00B573B3 /* AppDelegate.h */ = {isa = PBXFileReference; fileEncoding = 4; lastKnownFileType = sourcecode.c.h; path = AppDelegate.h; sourceTree = "<group>"; };
		F8F280CA1D660E3D00B573B3 /* AppDelegate.m */ = {isa = PBXFileReference; fileEncoding = 4; lastKnownFileType = sourcecode.c.objc; path = AppDelegate.m; sourceTree = "<group>"; };
		F8F280CC1D660E3D00B573B3 /* UIImage+image.h */ = {isa = PBXFileReference; fileEncoding = 4; lastKnownFileType = sourcecode.c.h; path = "UIImage+image.h"; sourceTree = "<group>"; };
		F8F280CD1D660E3D00B573B3 /* UIImage+image.m */ = {isa = PBXFileReference; fileEncoding = 4; lastKnownFileType = sourcecode.c.objc; path = "UIImage+image.m"; sourceTree = "<group>"; };
		F8F280CE1D660E3D00B573B3 /* main.m */ = {isa = PBXFileReference; fileEncoding = 4; lastKnownFileType = sourcecode.c.objc; path = main.m; sourceTree = "<group>"; };
		F8F280DB1D660E5100B573B3 /* account_snslogin_icon_1@2x.png */ = {isa = PBXFileReference; lastKnownFileType = image.png; path = "account_snslogin_icon_1@2x.png"; sourceTree = "<group>"; };
		F8F280DC1D660E5100B573B3 /* account_snslogin_icon_3@2x.png */ = {isa = PBXFileReference; lastKnownFileType = image.png; path = "account_snslogin_icon_3@2x.png"; sourceTree = "<group>"; };
		F8F280DD1D660E5100B573B3 /* home_page_line_vertical@2x.png */ = {isa = PBXFileReference; lastKnownFileType = image.png; path = "home_page_line_vertical@2x.png"; sourceTree = "<group>"; };
		F8F280DE1D660E5100B573B3 /* login_button@2x.png */ = {isa = PBXFileReference; lastKnownFileType = image.png; path = "login_button@2x.png"; sourceTree = "<group>"; };
		F8F280DF1D660E5100B573B3 /* login_forgot_button@2x.png */ = {isa = PBXFileReference; lastKnownFileType = image.png; path = "login_forgot_button@2x.png"; sourceTree = "<group>"; };
		F8F280E01D660E5100B573B3 /* login_password_icon@2x.png */ = {isa = PBXFileReference; lastKnownFileType = image.png; path = "login_password_icon@2x.png"; sourceTree = "<group>"; };
		F8F280E11D660E5100B573B3 /* login_username_icon@2x.png */ = {isa = PBXFileReference; lastKnownFileType = image.png; path = "login_username_icon@2x.png"; sourceTree = "<group>"; };
		F8F280E31D660E5100B573B3 /* NavBarAlpha.png */ = {isa = PBXFileReference; lastKnownFileType = image.png; path = NavBarAlpha.png; sourceTree = "<group>"; };
		F8F280E41D660E5100B573B3 /* NavBarIcon@2x.png */ = {isa = PBXFileReference; lastKnownFileType = image.png; path = "NavBarIcon@2x.png"; sourceTree = "<group>"; };
		F8F280E51D660E5100B573B3 /* NavBarWhite44@2x.png */ = {isa = PBXFileReference; lastKnownFileType = image.png; path = "NavBarWhite44@2x.png"; sourceTree = "<group>"; };
		F8F280E61D660E5100B573B3 /* NavBarWhite64@2x.png */ = {isa = PBXFileReference; lastKnownFileType = image.png; path = "NavBarWhite64@2x.png"; sourceTree = "<group>"; };
		F8F280E71D660E5100B573B3 /* NavigationBack@2x.png */ = {isa = PBXFileReference; lastKnownFileType = image.png; path = "NavigationBack@2x.png"; sourceTree = "<group>"; };
		F8F280E81D660E5100B573B3 /* NavigationBackBlack@2x.png */ = {isa = PBXFileReference; lastKnownFileType = image.png; path = "NavigationBackBlack@2x.png"; sourceTree = "<group>"; };
		F8F280E91D660E5100B573B3 /* NavigationBar44@2x.png */ = {isa = PBXFileReference; lastKnownFileType = image.png; path = "NavigationBar44@2x.png"; sourceTree = "<group>"; };
		F8F280EA1D660E5100B573B3 /* NavigationBar64@2x.png */ = {isa = PBXFileReference; lastKnownFileType = image.png; path = "NavigationBar64@2x.png"; sourceTree = "<group>"; };
		F8F280EB1D660E5100B573B3 /* NavigationBell@2x.png */ = {isa = PBXFileReference; lastKnownFileType = image.png; path = "NavigationBell@2x.png"; sourceTree = "<group>"; };
		F8F280EC1D660E5100B573B3 /* NavigationSquare@2x.png */ = {isa = PBXFileReference; lastKnownFileType = image.png; path = "NavigationSquare@2x.png"; sourceTree = "<group>"; };
		F8F280EE1D660E5100B573B3 /* DiscoveryIcon@2x.png */ = {isa = PBXFileReference; lastKnownFileType = image.png; path = "DiscoveryIcon@2x.png"; sourceTree = "<group>"; };
		F8F280EF1D660E5100B573B3 /* DiscoveryIconSelect@2x.png */ = {isa = PBXFileReference; lastKnownFileType = image.png; path = "DiscoveryIconSelect@2x.png"; sourceTree = "<group>"; };
		F8F280F01D660E5100B573B3 /* MyIcon@2x.png */ = {isa = PBXFileReference; lastKnownFileType = image.png; path = "MyIcon@2x.png"; sourceTree = "<group>"; };
		F8F280F11D660E5100B573B3 /* MyIconSelect@2x.png */ = {isa = PBXFileReference; lastKnownFileType = image.png; path = "MyIconSelect@2x.png"; sourceTree = "<group>"; };
		F8F280F21D660E5100B573B3 /* NewsIcon@2x.png */ = {isa = PBXFileReference; lastKnownFileType = image.png; path = "NewsIcon@2x.png"; sourceTree = "<group>"; };
		F8F280F31D660E5100B573B3 /* NewsIconSelect@2x.png */ = {isa = PBXFileReference; lastKnownFileType = image.png; path = "NewsIconSelect@2x.png"; sourceTree = "<group>"; };
		F8F280F41D660E5100B573B3 /* ReaderIcon@2x.png */ = {isa = PBXFileReference; lastKnownFileType = image.png; path = "ReaderIcon@2x.png"; sourceTree = "<group>"; };
		F8F280F51D660E5100B573B3 /* ReaderIconSelect@2x.png */ = {isa = PBXFileReference; lastKnownFileType = image.png; path = "ReaderIconSelect@2x.png"; sourceTree = "<group>"; };
		F8F280F61D660E5100B573B3 /* tabbar_icon_media_highlight@2x.png */ = {isa = PBXFileReference; lastKnownFileType = image.png; path = "tabbar_icon_media_highlight@2x.png"; sourceTree = "<group>"; };
		F8F280F71D660E5100B573B3 /* tabbar_icon_media_normal@2x.png */ = {isa = PBXFileReference; lastKnownFileType = image.png; path = "tabbar_icon_media_normal@2x.png"; sourceTree = "<group>"; };
		F8F280F81D660E5100B573B3 /* TabBarShadow@2x.png */ = {isa = PBXFileReference; lastKnownFileType = image.png; path = "TabBarShadow@2x.png"; sourceTree = "<group>"; };
		F8F280F91D660E5100B573B3 /* VoiceIcon@2x.png */ = {isa = PBXFileReference; lastKnownFileType = image.png; path = "VoiceIcon@2x.png"; sourceTree = "<group>"; };
		F8F280FA1D660E5100B573B3 /* VoiceIconSelect@2x.png */ = {isa = PBXFileReference; lastKnownFileType = image.png; path = "VoiceIconSelect@2x.png"; sourceTree = "<group>"; };
		F8F281191D66170B00B573B3 /* OWBNavigationController.h */ = {isa = PBXFileReference; fileEncoding = 4; lastKnownFileType = sourcecode.c.h; path = OWBNavigationController.h; sourceTree = "<group>"; };
		F8F2811A1D66170B00B573B3 /* OWBNavigationController.m */ = {isa = PBXFileReference; fileEncoding = 4; lastKnownFileType = sourcecode.c.objc; path = OWBNavigationController.m; sourceTree = "<group>"; };
/* End PBXFileReference section */

/* Begin PBXFrameworksBuildPhase section */
		F887CD991D64B64A002EED68 /* Frameworks */ = {
			isa = PBXFrameworksBuildPhase;
			buildActionMask = 2147483647;
			files = (
				F8F2806E1D655D8E00B573B3 /* UIKit.framework in Frameworks */,
			);
			runOnlyForDeploymentPostprocessing = 0;
		};
		F887CDB21D64B64A002EED68 /* Frameworks */ = {
			isa = PBXFrameworksBuildPhase;
			buildActionMask = 2147483647;
			files = (
			);
			runOnlyForDeploymentPostprocessing = 0;
		};
		F887CDBD1D64B64A002EED68 /* Frameworks */ = {
			isa = PBXFrameworksBuildPhase;
			buildActionMask = 2147483647;
			files = (
			);
			runOnlyForDeploymentPostprocessing = 0;
		};
/* End PBXFrameworksBuildPhase section */

/* Begin PBXGroup section */
		F887CD931D64B64A002EED68 = {
			isa = PBXGroup;
			children = (
				F8F2806D1D655D8E00B573B3 /* UIKit.framework */,
				F887CDD41D64BD06002EED68 /* info */,
				F887CD9E1D64B64A002EED68 /* WeiBoLearning */,
				F887CDB81D64B64A002EED68 /* WeiBoLearningTests */,
				F887CDC31D64B64A002EED68 /* WeiBoLearningUITests */,
				F887CD9D1D64B64A002EED68 /* Products */,
				F8F280D81D660E5100B573B3 /* Resources */,
			);
			sourceTree = "<group>";
		};
		F887CD9D1D64B64A002EED68 /* Products */ = {
			isa = PBXGroup;
			children = (
				F887CD9C1D64B64A002EED68 /* WeiBoLearning.app */,
				F887CDB51D64B64A002EED68 /* WeiBoLearningTests.xctest */,
				F887CDC01D64B64A002EED68 /* WeiBoLearningUITests.xctest */,
			);
			name = Products;
			sourceTree = "<group>";
		};
		F887CD9E1D64B64A002EED68 /* WeiBoLearning */ = {
			isa = PBXGroup;
			children = (
				F8F280B31D660E3D00B573B3 /* Classes */,
				F887CDAB1D64B64A002EED68 /* Assets.xcassets */,
				F887CDB01D64B64A002EED68 /* Info.plist */,
				F887CD9F1D64B64A002EED68 /* Supporting Files */,
			);
			path = WeiBoLearning;
			sourceTree = "<group>";
		};
		F887CD9F1D64B64A002EED68 /* Supporting Files */ = {
			isa = PBXGroup;
			children = (
			);
			name = "Supporting Files";
			sourceTree = "<group>";
		};
		F887CDB81D64B64A002EED68 /* WeiBoLearningTests */ = {
			isa = PBXGroup;
			children = (
				F887CDB91D64B64A002EED68 /* WeiBoLearningTests.m */,
				F887CDBB1D64B64A002EED68 /* Info.plist */,
			);
			path = WeiBoLearningTests;
			sourceTree = "<group>";
		};
		F887CDC31D64B64A002EED68 /* WeiBoLearningUITests */ = {
			isa = PBXGroup;
			children = (
				F887CDC41D64B64A002EED68 /* WeiBoLearningUITests.m */,
				F887CDC61D64B64A002EED68 /* Info.plist */,
			);
			path = WeiBoLearningUITests;
			sourceTree = "<group>";
		};
		F8F280B31D660E3D00B573B3 /* Classes */ = {
			isa = PBXGroup;
			children = (
				F8F280B41D660E3D00B573B3 /* Discover */,
				F8F280B81D660E3D00B573B3 /* Home */,
				F8F280BC1D660E3D00B573B3 /* Main */,
				F8F280C41D660E3D00B573B3 /* Message */,
				F8F280C81D660E3D00B573B3 /* Other */,
				F8F280CF1D660E3D00B573B3 /* Profile */,
			);
			path = Classes;
			sourceTree = "<group>";
		};
		F8F280B41D660E3D00B573B3 /* Discover */ = {
			isa = PBXGroup;
			children = (
				F8F280B51D660E3D00B573B3 /* Controller */,
				F8F280B61D660E3D00B573B3 /* Model */,
				F8F280B71D660E3D00B573B3 /* View */,
			);
			path = Discover;
			sourceTree = "<group>";
		};
		F8F280B51D660E3D00B573B3 /* Controller */ = {
			isa = PBXGroup;
			children = (
			);
			path = Controller;
			sourceTree = "<group>";
		};
		F8F280B61D660E3D00B573B3 /* Model */ = {
			isa = PBXGroup;
			children = (
			);
			path = Model;
			sourceTree = "<group>";
		};
		F8F280B71D660E3D00B573B3 /* View */ = {
			isa = PBXGroup;
			children = (
			);
			path = View;
			sourceTree = "<group>";
		};
		F8F280B81D660E3D00B573B3 /* Home */ = {
			isa = PBXGroup;
			children = (
				F8F280B91D660E3D00B573B3 /* Controller */,
				F8F280BA1D660E3D00B573B3 /* Model */,
				F8F280BB1D660E3D00B573B3 /* View */,
			);
			path = Home;
			sourceTree = "<group>";
		};
		F8F280B91D660E3D00B573B3 /* Controller */ = {
			isa = PBXGroup;
			children = (
			);
			path = Controller;
			sourceTree = "<group>";
		};
		F8F280BA1D660E3D00B573B3 /* Model */ = {
			isa = PBXGroup;
			children = (
			);
			path = Model;
			sourceTree = "<group>";
		};
		F8F280BB1D660E3D00B573B3 /* View */ = {
			isa = PBXGroup;
			children = (
			);
			path = View;
			sourceTree = "<group>";
		};
		F8F280BC1D660E3D00B573B3 /* Main */ = {
			isa = PBXGroup;
			children = (
				F8F280BD1D660E3D00B573B3 /* Controller */,
				F8F280C01D660E3D00B573B3 /* Model */,
				F8F280C11D660E3D00B573B3 /* View */,
			);
			path = Main;
			sourceTree = "<group>";
		};
		F8F280BD1D660E3D00B573B3 /* Controller */ = {
			isa = PBXGroup;
			children = (
				F8F280BE1D660E3D00B573B3 /* OWBTabBarController.h */,
				F8F280BF1D660E3D00B573B3 /* OWBTabBarController.m */,
				F8F281191D66170B00B573B3 /* OWBNavigationController.h */,
				F8F2811A1D66170B00B573B3 /* OWBNavigationController.m */,
			);
			path = Controller;
			sourceTree = "<group>";
		};
		F8F280C01D660E3D00B573B3 /* Model */ = {
			isa = PBXGroup;
			children = (
			);
			path = Model;
			sourceTree = "<group>";
		};
		F8F280C11D660E3D00B573B3 /* View */ = {
			isa = PBXGroup;
			children = (
				F8F280C21D660E3D00B573B3 /* OWBTabBar.h */,
				F8F280C31D660E3D00B573B3 /* OWBTabBar.m */,
			);
			path = View;
			sourceTree = "<group>";
		};
		F8F280C41D660E3D00B573B3 /* Message */ = {
			isa = PBXGroup;
			children = (
				F8F280C51D660E3D00B573B3 /* Controller */,
				F8F280C61D660E3D00B573B3 /* Model */,
				F8F280C71D660E3D00B573B3 /* View */,
			);
			path = Message;
			sourceTree = "<group>";
		};
		F8F280C51D660E3D00B573B3 /* Controller */ = {
			isa = PBXGroup;
			children = (
			);
			path = Controller;
			sourceTree = "<group>";
		};
		F8F280C61D660E3D00B573B3 /* Model */ = {
			isa = PBXGroup;
			children = (
			);
			path = Model;
			sourceTree = "<group>";
		};
		F8F280C71D660E3D00B573B3 /* View */ = {
			isa = PBXGroup;
			children = (
			);
			path = View;
			sourceTree = "<group>";
		};
		F8F280C81D660E3D00B573B3 /* Other */ = {
			isa = PBXGroup;
			children = (
				F8F280C91D660E3D00B573B3 /* AppDelegate.h */,
				F8F280CA1D660E3D00B573B3 /* AppDelegate.m */,
				F8F280CB1D660E3D00B573B3 /* Category */,
				F8F280CE1D660E3D00B573B3 /* main.m */,
			);
			path = Other;
			sourceTree = "<group>";
		};
		F8F280CB1D660E3D00B573B3 /* Category */ = {
			isa = PBXGroup;
			children = (
				F8F280CC1D660E3D00B573B3 /* UIImage+image.h */,
				F8F280CD1D660E3D00B573B3 /* UIImage+image.m */,
			);
			path = Category;
			sourceTree = "<group>";
		};
		F8F280CF1D660E3D00B573B3 /* Profile */ = {
			isa = PBXGroup;
			children = (
				F8F280D01D660E3D00B573B3 /* Controller */,
				F8F280D11D660E3D00B573B3 /* Model */,
				F8F280D21D660E3D00B573B3 /* View */,
			);
			path = Profile;
			sourceTree = "<group>";
		};
		F8F280D01D660E3D00B573B3 /* Controller */ = {
			isa = PBXGroup;
			children = (
			);
			path = Controller;
			sourceTree = "<group>";
		};
		F8F280D11D660E3D00B573B3 /* Model */ = {
			isa = PBXGroup;
			children = (
			);
			path = Model;
			sourceTree = "<group>";
		};
		F8F280D21D660E3D00B573B3 /* View */ = {
			isa = PBXGroup;
			children = (
			);
			path = View;
			sourceTree = "<group>";
		};
		F8F280D81D660E5100B573B3 /* Resources */ = {
			isa = PBXGroup;
			children = (
				F8F280D91D660E5100B573B3 /* Image */,
			);
			path = Resources;
			sourceTree = "<group>";
		};
		F8F280D91D660E5100B573B3 /* Image */ = {
			isa = PBXGroup;
			children = (
				F8F280DA1D660E5100B573B3 /* Login */,
				F8F280E21D660E5100B573B3 /* NavBar */,
				F8F280ED1D660E5100B573B3 /* TabBar */,
			);
			path = Image;
			sourceTree = "<group>";
		};
		F8F280DA1D660E5100B573B3 /* Login */ = {
			isa = PBXGroup;
			children = (
				F8F280DB1D660E5100B573B3 /* account_snslogin_icon_1@2x.png */,
				F8F280DC1D660E5100B573B3 /* account_snslogin_icon_3@2x.png */,
				F8F280DD1D660E5100B573B3 /* home_page_line_vertical@2x.png */,
				F8F280DE1D660E5100B573B3 /* login_button@2x.png */,
				F8F280DF1D660E5100B573B3 /* login_forgot_button@2x.png */,
				F8F280E01D660E5100B573B3 /* login_password_icon@2x.png */,
				F8F280E11D660E5100B573B3 /* login_username_icon@2x.png */,
			);
			path = Login;
			sourceTree = "<group>";
		};
		F8F280E21D660E5100B573B3 /* NavBar */ = {
			isa = PBXGroup;
			children = (
				F8F280E31D660E5100B573B3 /* NavBarAlpha.png */,
				F8F280E41D660E5100B573B3 /* NavBarIcon@2x.png */,
				F8F280E51D660E5100B573B3 /* NavBarWhite44@2x.png */,
				F8F280E61D660E5100B573B3 /* NavBarWhite64@2x.png */,
				F8F280E71D660E5100B573B3 /* NavigationBack@2x.png */,
				F8F280E81D660E5100B573B3 /* NavigationBackBlack@2x.png */,
				F8F280E91D660E5100B573B3 /* NavigationBar44@2x.png */,
				F8F280EA1D660E5100B573B3 /* NavigationBar64@2x.png */,
				F8F280EB1D660E5100B573B3 /* NavigationBell@2x.png */,
				F8F280EC1D660E5100B573B3 /* NavigationSquare@2x.png */,
			);
			path = NavBar;
			sourceTree = "<group>";
		};
		F8F280ED1D660E5100B573B3 /* TabBar */ = {
			isa = PBXGroup;
			children = (
				F8F280EE1D660E5100B573B3 /* DiscoveryIcon@2x.png */,
				F8F280EF1D660E5100B573B3 /* DiscoveryIconSelect@2x.png */,
				F8F280F01D660E5100B573B3 /* MyIcon@2x.png */,
				F8F280F11D660E5100B573B3 /* MyIconSelect@2x.png */,
				F8F280F21D660E5100B573B3 /* NewsIcon@2x.png */,
				F8F280F31D660E5100B573B3 /* NewsIconSelect@2x.png */,
				F8F280F41D660E5100B573B3 /* ReaderIcon@2x.png */,
				F8F280F51D660E5100B573B3 /* ReaderIconSelect@2x.png */,
				F8F280F61D660E5100B573B3 /* tabbar_icon_media_highlight@2x.png */,
				F8F280F71D660E5100B573B3 /* tabbar_icon_media_normal@2x.png */,
				F8F280F81D660E5100B573B3 /* TabBarShadow@2x.png */,
				F8F280F91D660E5100B573B3 /* VoiceIcon@2x.png */,
				F8F280FA1D660E5100B573B3 /* VoiceIconSelect@2x.png */,
			);
			path = TabBar;
			sourceTree = "<group>";
		};
/* End PBXGroup section */

/* Begin PBXNativeTarget section */
		F887CD9B1D64B64A002EED68 /* WeiBoLearning */ = {
			isa = PBXNativeTarget;
			buildConfigurationList = F887CDC91D64B64A002EED68 /* Build configuration list for PBXNativeTarget "WeiBoLearning" */;
			buildPhases = (
				F887CD981D64B64A002EED68 /* Sources */,
				F887CD991D64B64A002EED68 /* Frameworks */,
				F887CD9A1D64B64A002EED68 /* Resources */,
			);
			buildRules = (
			);
			dependencies = (
			);
			name = WeiBoLearning;
			productName = WeiBoLearning;
			productReference = F887CD9C1D64B64A002EED68 /* WeiBoLearning.app */;
			productType = "com.apple.product-type.application";
		};
		F887CDB41D64B64A002EED68 /* WeiBoLearningTests */ = {
			isa = PBXNativeTarget;
			buildConfigurationList = F887CDCC1D64B64A002EED68 /* Build configuration list for PBXNativeTarget "WeiBoLearningTests" */;
			buildPhases = (
				F887CDB11D64B64A002EED68 /* Sources */,
				F887CDB21D64B64A002EED68 /* Frameworks */,
				F887CDB31D64B64A002EED68 /* Resources */,
			);
			buildRules = (
			);
			dependencies = (
				F887CDB71D64B64A002EED68 /* PBXTargetDependency */,
			);
			name = WeiBoLearningTests;
			productName = WeiBoLearningTests;
			productReference = F887CDB51D64B64A002EED68 /* WeiBoLearningTests.xctest */;
			productType = "com.apple.product-type.bundle.unit-test";
		};
		F887CDBF1D64B64A002EED68 /* WeiBoLearningUITests */ = {
			isa = PBXNativeTarget;
			buildConfigurationList = F887CDCF1D64B64A002EED68 /* Build configuration list for PBXNativeTarget "WeiBoLearningUITests" */;
			buildPhases = (
				F887CDBC1D64B64A002EED68 /* Sources */,
				F887CDBD1D64B64A002EED68 /* Frameworks */,
				F887CDBE1D64B64A002EED68 /* Resources */,
			);
			buildRules = (
			);
			dependencies = (
				F887CDC21D64B64A002EED68 /* PBXTargetDependency */,
			);
			name = WeiBoLearningUITests;
			productName = WeiBoLearningUITests;
			productReference = F887CDC01D64B64A002EED68 /* WeiBoLearningUITests.xctest */;
			productType = "com.apple.product-type.bundle.ui-testing";
		};
/* End PBXNativeTarget section */

/* Begin PBXProject section */
		F887CD941D64B64A002EED68 /* Project object */ = {
			isa = PBXProject;
			attributes = {
				CLASSPREFIX = OWB;
				LastUpgradeCheck = 0730;
				ORGANIZATIONNAME = Orient;
				TargetAttributes = {
					F887CD9B1D64B64A002EED68 = {
						CreatedOnToolsVersion = 7.3.1;
						DevelopmentTeam = JP69ENXV8L;
					};
					F887CDB41D64B64A002EED68 = {
						CreatedOnToolsVersion = 7.3.1;
						DevelopmentTeam = JP69ENXV8L;
						TestTargetID = F887CD9B1D64B64A002EED68;
					};
					F887CDBF1D64B64A002EED68 = {
						CreatedOnToolsVersion = 7.3.1;
						DevelopmentTeam = JP69ENXV8L;
						TestTargetID = F887CD9B1D64B64A002EED68;
					};
				};
			};
			buildConfigurationList = F887CD971D64B64A002EED68 /* Build configuration list for PBXProject "WeiBoLearning" */;
			compatibilityVersion = "Xcode 3.2";
			developmentRegion = English;
			hasScannedForEncodings = 0;
			knownRegions = (
				en,
				Base,
			);
			mainGroup = F887CD931D64B64A002EED68;
			productRefGroup = F887CD9D1D64B64A002EED68 /* Products */;
			projectDirPath = "";
			projectRoot = "";
			targets = (
				F887CD9B1D64B64A002EED68 /* WeiBoLearning */,
				F887CDB41D64B64A002EED68 /* WeiBoLearningTests */,
				F887CDBF1D64B64A002EED68 /* WeiBoLearningUITests */,
			);
		};
/* End PBXProject section */

/* Begin PBXResourcesBuildPhase section */
		F887CD9A1D64B64A002EED68 /* Resources */ = {
			isa = PBXResourcesBuildPhase;
			buildActionMask = 2147483647;
			files = (
				F8F281081D660E5100B573B3 /* NavigationBar44@2x.png in Resources */,
				F8F2810F1D660E5100B573B3 /* MyIconSelect@2x.png in Resources */,
				F8F281101D660E5100B573B3 /* NewsIcon@2x.png in Resources */,
				F8F281051D660E5100B573B3 /* NavBarWhite64@2x.png in Resources */,
				F8F281161D660E5100B573B3 /* TabBarShadow@2x.png in Resources */,
				F8F2810C1D660E5100B573B3 /* DiscoveryIcon@2x.png in Resources */,
				F8F281111D660E5100B573B3 /* NewsIconSelect@2x.png in Resources */,
				F8F281091D660E5100B573B3 /* NavigationBar64@2x.png in Resources */,
				F8F281041D660E5100B573B3 /* NavBarWhite44@2x.png in Resources */,
				F8F2810D1D660E5100B573B3 /* DiscoveryIconSelect@2x.png in Resources */,
				F8F281171D660E5100B573B3 /* VoiceIcon@2x.png in Resources */,
				F8F281021D660E5100B573B3 /* NavBarAlpha.png in Resources */,
				F887CDD51D64BD06002EED68 /* info in Resources */,
				F887CDAC1D64B64A002EED68 /* Assets.xcassets in Resources */,
				F8F281031D660E5100B573B3 /* NavBarIcon@2x.png in Resources */,
				F8F281011D660E5100B573B3 /* login_username_icon@2x.png in Resources */,
				F8F281131D660E5100B573B3 /* ReaderIconSelect@2x.png in Resources */,
				F8F281001D660E5100B573B3 /* login_password_icon@2x.png in Resources */,
				F8F281181D660E5100B573B3 /* VoiceIconSelect@2x.png in Resources */,
				F8F280FE1D660E5100B573B3 /* login_button@2x.png in Resources */,
				F8F280FD1D660E5100B573B3 /* home_page_line_vertical@2x.png in Resources */,
				F8F280FF1D660E5100B573B3 /* login_forgot_button@2x.png in Resources */,
				F8F281151D660E5100B573B3 /* tabbar_icon_media_normal@2x.png in Resources */,
				F8F281121D660E5100B573B3 /* ReaderIcon@2x.png in Resources */,
				F8F2810A1D660E5100B573B3 /* NavigationBell@2x.png in Resources */,
				F8F281061D660E5100B573B3 /* NavigationBack@2x.png in Resources */,
				F8F2810B1D660E5100B573B3 /* NavigationSquare@2x.png in Resources */,
				F8F281071D660E5100B573B3 /* NavigationBackBlack@2x.png in Resources */,
				F8F2810E1D660E5100B573B3 /* MyIcon@2x.png in Resources */,
				F8F281141D660E5100B573B3 /* tabbar_icon_media_highlight@2x.png in Resources */,
				F8F280FC1D660E5100B573B3 /* account_snslogin_icon_3@2x.png in Resources */,
				F8F280FB1D660E5100B573B3 /* account_snslogin_icon_1@2x.png in Resources */,
			);
			runOnlyForDeploymentPostprocessing = 0;
		};
		F887CDB31D64B64A002EED68 /* Resources */ = {
			isa = PBXResourcesBuildPhase;
			buildActionMask = 2147483647;
			files = (
			);
			runOnlyForDeploymentPostprocessing = 0;
		};
		F887CDBE1D64B64A002EED68 /* Resources */ = {
			isa = PBXResourcesBuildPhase;
			buildActionMask = 2147483647;
			files = (
			);
			runOnlyForDeploymentPostprocessing = 0;
		};
/* End PBXResourcesBuildPhase section */

/* Begin PBXSourcesBuildPhase section */
		F887CD981D64B64A002EED68 /* Sources */ = {
			isa = PBXSourcesBuildPhase;
			buildActionMask = 2147483647;
			files = (
				F8F280D71D660E3D00B573B3 /* main.m in Sources */,
				F8F280D41D660E3D00B573B3 /* OWBTabBar.m in Sources */,
				F8F280D61D660E3D00B573B3 /* UIImage+image.m in Sources */,
				F8F280D31D660E3D00B573B3 /* OWBTabBarController.m in Sources */,
				F8F2811B1D66170B00B573B3 /* OWBNavigationController.m in Sources */,
				F8F280D51D660E3D00B573B3 /* AppDelegate.m in Sources */,
			);
			runOnlyForDeploymentPostprocessing = 0;
		};
		F887CDB11D64B64A002EED68 /* Sources */ = {
			isa = PBXSourcesBuildPhase;
			buildActionMask = 2147483647;
			files = (
				F887CDBA1D64B64A002EED68 /* WeiBoLearningTests.m in Sources */,
			);
			runOnlyForDeploymentPostprocessing = 0;
		};
		F887CDBC1D64B64A002EED68 /* Sources */ = {
			isa = PBXSourcesBuildPhase;
			buildActionMask = 2147483647;
			files = (
				F887CDC51D64B64A002EED68 /* WeiBoLearningUITests.m in Sources */,
			);
			runOnlyForDeploymentPostprocessing = 0;
		};
/* End PBXSourcesBuildPhase section */

/* Begin PBXTargetDependency section */
		F887CDB71D64B64A002EED68 /* PBXTargetDependency */ = {
			isa = PBXTargetDependency;
			target = F887CD9B1D64B64A002EED68 /* WeiBoLearning */;
			targetProxy = F887CDB61D64B64A002EED68 /* PBXContainerItemProxy */;
		};
		F887CDC21D64B64A002EED68 /* PBXTargetDependency */ = {
			isa = PBXTargetDependency;
			target = F887CD9B1D64B64A002EED68 /* WeiBoLearning */;
			targetProxy = F887CDC11D64B64A002EED68 /* PBXContainerItemProxy */;
		};
/* End PBXTargetDependency section */

/* Begin XCBuildConfiguration section */
		F887CDC71D64B64A002EED68 /* Debug */ = {
			isa = XCBuildConfiguration;
			buildSettings = {
				ALWAYS_SEARCH_USER_PATHS = NO;
				CLANG_ANALYZER_NONNULL = YES;
				CLANG_CXX_LANGUAGE_STANDARD = "gnu++0x";
				CLANG_CXX_LIBRARY = "libc++";
				CLANG_ENABLE_MODULES = YES;
				CLANG_ENABLE_OBJC_ARC = YES;
				CLANG_WARN_BOOL_CONVERSION = YES;
				CLANG_WARN_CONSTANT_CONVERSION = YES;
				CLANG_WARN_DIRECT_OBJC_ISA_USAGE = YES_ERROR;
				CLANG_WARN_EMPTY_BODY = YES;
				CLANG_WARN_ENUM_CONVERSION = YES;
				CLANG_WARN_INT_CONVERSION = YES;
				CLANG_WARN_OBJC_ROOT_CLASS = YES_ERROR;
				CLANG_WARN_UNREACHABLE_CODE = YES;
				CLANG_WARN__DUPLICATE_METHOD_MATCH = YES;
				"CODE_SIGN_IDENTITY[sdk=iphoneos*]" = "iPhone Developer";
				COPY_PHASE_STRIP = NO;
				DEBUG_INFORMATION_FORMAT = dwarf;
				ENABLE_STRICT_OBJC_MSGSEND = YES;
				ENABLE_TESTABILITY = YES;
				GCC_C_LANGUAGE_STANDARD = gnu99;
				GCC_DYNAMIC_NO_PIC = NO;
				GCC_NO_COMMON_BLOCKS = YES;
				GCC_OPTIMIZATION_LEVEL = 0;
				GCC_PREPROCESSOR_DEFINITIONS = (
					"DEBUG=1",
					"$(inherited)",
				);
				GCC_WARN_64_TO_32_BIT_CONVERSION = YES;
				GCC_WARN_ABOUT_RETURN_TYPE = YES_ERROR;
				GCC_WARN_UNDECLARED_SELECTOR = YES;
				GCC_WARN_UNINITIALIZED_AUTOS = YES_AGGRESSIVE;
				GCC_WARN_UNUSED_FUNCTION = YES;
				GCC_WARN_UNUSED_VARIABLE = YES;
				IPHONEOS_DEPLOYMENT_TARGET = 9.3;
				MTL_ENABLE_DEBUG_INFO = YES;
				ONLY_ACTIVE_ARCH = YES;
				SDKROOT = iphoneos;
			};
			name = Debug;
		};
		F887CDC81D64B64A002EED68 /* Release */ = {
			isa = XCBuildConfiguration;
			buildSettings = {
				ALWAYS_SEARCH_USER_PATHS = NO;
				CLANG_ANALYZER_NONNULL = YES;
				CLANG_CXX_LANGUAGE_STANDARD = "gnu++0x";
				CLANG_CXX_LIBRARY = "libc++";
				CLANG_ENABLE_MODULES = YES;
				CLANG_ENABLE_OBJC_ARC = YES;
				CLANG_WARN_BOOL_CONVERSION = YES;
				CLANG_WARN_CONSTANT_CONVERSION = YES;
				CLANG_WARN_DIRECT_OBJC_ISA_USAGE = YES_ERROR;
				CLANG_WARN_EMPTY_BODY = YES;
				CLANG_WARN_ENUM_CONVERSION = YES;
				CLANG_WARN_INT_CONVERSION = YES;
				CLANG_WARN_OBJC_ROOT_CLASS = YES_ERROR;
				CLANG_WARN_UNREACHABLE_CODE = YES;
				CLANG_WARN__DUPLICATE_METHOD_MATCH = YES;
				"CODE_SIGN_IDENTITY[sdk=iphoneos*]" = "iPhone Developer";
				COPY_PHASE_STRIP = NO;
				DEBUG_INFORMATION_FORMAT = "dwarf-with-dsym";
				ENABLE_NS_ASSERTIONS = NO;
				ENABLE_STRICT_OBJC_MSGSEND = YES;
				GCC_C_LANGUAGE_STANDARD = gnu99;
				GCC_NO_COMMON_BLOCKS = YES;
				GCC_WARN_64_TO_32_BIT_CONVERSION = YES;
				GCC_WARN_ABOUT_RETURN_TYPE = YES_ERROR;
				GCC_WARN_UNDECLARED_SELECTOR = YES;
				GCC_WARN_UNINITIALIZED_AUTOS = YES_AGGRESSIVE;
				GCC_WARN_UNUSED_FUNCTION = YES;
				GCC_WARN_UNUSED_VARIABLE = YES;
				IPHONEOS_DEPLOYMENT_TARGET = 9.3;
				MTL_ENABLE_DEBUG_INFO = NO;
				SDKROOT = iphoneos;
				VALIDATE_PRODUCT = YES;
			};
			name = Release;
		};
		F887CDCA1D64B64A002EED68 /* Debug */ = {
			isa = XCBuildConfiguration;
			buildSettings = {
				ASSETCATALOG_COMPILER_APPICON_NAME = AppIcon;
				ASSETCATALOG_COMPILER_LAUNCHIMAGE_NAME = "Brand Assets";
				INFOPLIST_FILE = WeiBoLearning/Info.plist;
				IPHONEOS_DEPLOYMENT_TARGET = 8.0;
				LD_RUNPATH_SEARCH_PATHS = "$(inherited) @executable_path/Frameworks";
				PRODUCT_BUNDLE_IDENTIFIER = com.orient.WeiBoLearning;
				PRODUCT_NAME = "$(TARGET_NAME)";
			};
			name = Debug;
		};
		F887CDCB1D64B64A002EED68 /* Release */ = {
			isa = XCBuildConfiguration;
			buildSettings = {
				ASSETCATALOG_COMPILER_APPICON_NAME = AppIcon;
				ASSETCATALOG_COMPILER_LAUNCHIMAGE_NAME = "Brand Assets";
				INFOPLIST_FILE = WeiBoLearning/Info.plist;
				IPHONEOS_DEPLOYMENT_TARGET = 8.0;
				LD_RUNPATH_SEARCH_PATHS = "$(inherited) @executable_path/Frameworks";
				PRODUCT_BUNDLE_IDENTIFIER = com.orient.WeiBoLearning;
				PRODUCT_NAME = "$(TARGET_NAME)";
			};
			name = Release;
		};
		F887CDCD1D64B64A002EED68 /* Debug */ = {
			isa = XCBuildConfiguration;
			buildSettings = {
				BUNDLE_LOADER = "$(TEST_HOST)";
				INFOPLIST_FILE = WeiBoLearningTests/Info.plist;
				LD_RUNPATH_SEARCH_PATHS = "$(inherited) @executable_path/Frameworks @loader_path/Frameworks";
				PRODUCT_BUNDLE_IDENTIFIER = com.orient.WeiBoLearningTests;
				PRODUCT_NAME = "$(TARGET_NAME)";
				TEST_HOST = "$(BUILT_PRODUCTS_DIR)/WeiBoLearning.app/WeiBoLearning";
			};
			name = Debug;
		};
		F887CDCE1D64B64A002EED68 /* Release */ = {
			isa = XCBuildConfiguration;
			buildSettings = {
				BUNDLE_LOADER = "$(TEST_HOST)";
				INFOPLIST_FILE = WeiBoLearningTests/Info.plist;
				LD_RUNPATH_SEARCH_PATHS = "$(inherited) @executable_path/Frameworks @loader_path/Frameworks";
				PRODUCT_BUNDLE_IDENTIFIER = com.orient.WeiBoLearningTests;
				PRODUCT_NAME = "$(TARGET_NAME)";
				TEST_HOST = "$(BUILT_PRODUCTS_DIR)/WeiBoLearning.app/WeiBoLearning";
			};
			name = Release;
		};
		F887CDD01D64B64A002EED68 /* Debug */ = {
			isa = XCBuildConfiguration;
			buildSettings = {
				INFOPLIST_FILE = WeiBoLearningUITests/Info.plist;
				LD_RUNPATH_SEARCH_PATHS = "$(inherited) @executable_path/Frameworks @loader_path/Frameworks";
				PRODUCT_BUNDLE_IDENTIFIER = com.orient.WeiBoLearningUITests;
				PRODUCT_NAME = "$(TARGET_NAME)";
				TEST_TARGET_NAME = WeiBoLearning;
			};
			name = Debug;
		};
		F887CDD11D64B64A002EED68 /* Release */ = {
			isa = XCBuildConfiguration;
			buildSettings = {
				INFOPLIST_FILE = WeiBoLearningUITests/Info.plist;
				LD_RUNPATH_SEARCH_PATHS = "$(inherited) @executable_path/Frameworks @loader_path/Frameworks";
				PRODUCT_BUNDLE_IDENTIFIER = com.orient.WeiBoLearningUITests;
				PRODUCT_NAME = "$(TARGET_NAME)";
				TEST_TARGET_NAME = WeiBoLearning;
			};
			name = Release;
		};
/* End XCBuildConfiguration section */

/* Begin XCConfigurationList section */
		F887CD971D64B64A002EED68 /* Build configuration list for PBXProject "WeiBoLearning" */ = {
			isa = XCConfigurationList;
			buildConfigurations = (
				F887CDC71D64B64A002EED68 /* Debug */,
				F887CDC81D64B64A002EED68 /* Release */,
			);
			defaultConfigurationIsVisible = 0;
			defaultConfigurationName = Release;
		};
		F887CDC91D64B64A002EED68 /* Build configuration list for PBXNativeTarget "WeiBoLearning" */ = {
			isa = XCConfigurationList;
			buildConfigurations = (
				F887CDCA1D64B64A002EED68 /* Debug */,
				F887CDCB1D64B64A002EED68 /* Release */,
			);
			defaultConfigurationIsVisible = 0;
			defaultConfigurationName = Release;
		};
		F887CDCC1D64B64A002EED68 /* Build configuration list for PBXNativeTarget "WeiBoLearningTests" */ = {
			isa = XCConfigurationList;
			buildConfigurations = (
				F887CDCD1D64B64A002EED68 /* Debug */,
				F887CDCE1D64B64A002EED68 /* Release */,
			);
			defaultConfigurationIsVisible = 0;
			defaultConfigurationName = Release;
		};
		F887CDCF1D64B64A002EED68 /* Build configuration list for PBXNativeTarget "WeiBoLearningUITests" */ = {
			isa = XCConfigurationList;
			buildConfigurations = (
				F887CDD01D64B64A002EED68 /* Debug */,
				F887CDD11D64B64A002EED68 /* Release */,
			);
			defaultConfigurationIsVisible = 0;
			defaultConfigurationName = Release;
		};
/* End XCConfigurationList section */
	};
	rootObject = F887CD941D64B64A002EED68 /* Project object */;
}
